
Microsoft Visual Studio Solution File, Format Version 12.00
# Visual Studio Version 16
VisualStudioVersion = 16.0.30907.101
MinimumVisualStudioVersion = 10.0.40219.1
Project("{9A19103F-16F7-4668-BE54-9A1E7A4F7556}") = "Web.Backend", "Web.Backend\Web.Backend.csproj", "{203F5CB9-01B2-4B8D-900D-D45A7D842B09}"
EndProject
Project("{2150E333-8FDC-42A3-9474-1A3956D46DE8}") = "Solution Items", "Solution Items", "{38CAEC8E-2645-4375-BB1D-75B9FC88266B}"
	ProjectSection(SolutionItems) = preProject
		.gitattributes = .gitattributes
		.gitignore = .gitignore
	EndProjectSection
EndProject
Project("{9A19103F-16F7-4668-BE54-9A1E7A4F7556}") = "Web.CustomerSite", "Web.CustomerSite\Web.CustomerSite.csproj", "{AD03396F-8C0A-43EC-8017-43A055D59C97}"
EndProject
Project("{9A19103F-16F7-4668-BE54-9A1E7A4F7556}") = "Web.ShareModels", "Web.ShareModels\Web.ShareModels.csproj", "{63260DDD-C256-4A43-8F64-354A206B0B6C}"
EndProject
Project("{FAE04EC0-301F-11D3-BF4B-00C04F79EFBC}") = "Web.Services", "Web.Services\Web.Services.csproj", "{FC02EA27-5B5F-4B48-8F43-36F7498288B0}"
EndProject
Global
	GlobalSection(SolutionConfigurationPlatforms) = preSolution
		Debug|Any CPU = Debug|Any CPU
		Release|Any CPU = Release|Any CPU
	EndGlobalSection
	GlobalSection(ProjectConfigurationPlatforms) = postSolution
		{203F5CB9-01B2-4B8D-900D-D45A7D842B09}.Debug|Any CPU.ActiveCfg = Debug|Any CPU
		{203F5CB9-01B2-4B8D-900D-D45A7D842B09}.Debug|Any CPU.Build.0 = Debug|Any CPU
		{203F5CB9-01B2-4B8D-900D-D45A7D842B09}.Release|Any CPU.ActiveCfg = Release|Any CPU
		{203F5CB9-01B2-4B8D-900D-D45A7D842B09}.Release|Any CPU.Build.0 = Release|Any CPU
		{AD03396F-8C0A-43EC-8017-43A055D59C97}.Debug|Any CPU.ActiveCfg = Debug|Any CPU
		{AD03396F-8C0A-43EC-8017-43A055D59C97}.Debug|Any CPU.Build.0 = Debug|Any CPU
		{AD03396F-8C0A-43EC-8017-43A055D59C97}.Release|Any CPU.ActiveCfg = Release|Any CPU
		{AD03396F-8C0A-43EC-8017-43A055D59C97}.Release|Any CPU.Build.0 = Release|Any CPU
		{63260DDD-C256-4A43-8F64-354A206B0B6C}.Debug|Any CPU.ActiveCfg = Debug|Any CPU
		{63260DDD-C256-4A43-8F64-354A206B0B6C}.Debug|Any CPU.Build.0 = Debug|Any CPU
		{63260DDD-C256-4A43-8F64-354A206B0B6C}.Release|Any CPU.ActiveCfg = Release|Any CPU
		{63260DDD-C256-4A43-8F64-354A206B0B6C}.Release|Any CPU.Build.0 = Release|Any CPU
		{FC02EA27-5B5F-4B48-8F43-36F7498288B0}.Debug|Any CPU.ActiveCfg = Debug|Any CPU
		{FC02EA27-5B5F-4B48-8F43-36F7498288B0}.Debug|Any CPU.Build.0 = Debug|Any CPU
		{FC02EA27-5B5F-4B48-8F43-36F7498288B0}.Release|Any CPU.ActiveCfg = Release|Any CPU
		{FC02EA27-5B5F-4B48-8F43-36F7498288B0}.Release|Any CPU.Build.0 = Release|Any CPU
	EndGlobalSection
	GlobalSection(SolutionProperties) = preSolution
		HideSolutionNode = FALSE
	EndGlobalSection
	GlobalSection(ExtensibilityGlobals) = postSolution
		SolutionGuid = {BED56412-FDEC-4BDB-A02C-477553ADD3CE}
	EndGlobalSection
EndGlobal
